// !$*UTF8*$!
{
	archiveVersion = 1;
	classes = {
	};
	objectVersion = 56;
	objects = {

/* Begin PBXBuildFile section */
		E432B6A22B98611300CF934E /* LoginViewModel.swift in Sources */ = {isa = PBXBuildFile; fileRef = E432B6A12B98611300CF934E /* LoginViewModel.swift */; };
		E45D28A42BB5758300228B33 /* NavigationBarButton.swift in Sources */ = {isa = PBXBuildFile; fileRef = E45D28A32BB5758300228B33 /* NavigationBarButton.swift */; };
		E45EA9FA2BA31B2600EA2901 /* ScreenFactory.swift in Sources */ = {isa = PBXBuildFile; fileRef = E45EA9F92BA31B2600EA2901 /* ScreenFactory.swift */; };
		E45EA9FC2BA3214A00EA2901 /* PersonTitleView.swift in Sources */ = {isa = PBXBuildFile; fileRef = E45EA9FB2BA3214A00EA2901 /* PersonTitleView.swift */; };
		E45EA9FE2BA32C1000EA2901 /* PrimaryButton.swift in Sources */ = {isa = PBXBuildFile; fileRef = E45EA9FD2BA32C1000EA2901 /* PrimaryButton.swift */; };
		E472330C2B95D36D00D27530 /* AppDelegate.swift in Sources */ = {isa = PBXBuildFile; fileRef = E472330B2B95D36D00D27530 /* AppDelegate.swift */; };
		E47233102B95D36D00D27530 /* LoginViewController.swift in Sources */ = {isa = PBXBuildFile; fileRef = E472330F2B95D36D00D27530 /* LoginViewController.swift */; };
		E47233162B95D36D00D27530 /* RubinScoutingApp.xcdatamodeld in Sources */ = {isa = PBXBuildFile; fileRef = E47233142B95D36D00D27530 /* RubinScoutingApp.xcdatamodeld */; };
		E47233182B95D36D00D27530 /* Assets.xcassets in Resources */ = {isa = PBXBuildFile; fileRef = E47233172B95D36D00D27530 /* Assets.xcassets */; };
		E47BFFDF2BA5C1CD00FAEEAF /* COPYRIGHT.txt in Resources */ = {isa = PBXBuildFile; fileRef = E47BFFDC2BA5C1CD00FAEEAF /* COPYRIGHT.txt */; };
		E47BFFE12BA5C1CD00FAEEAF /* Ostrovsky.otf in Resources */ = {isa = PBXBuildFile; fileRef = E47BFFDE2BA5C1CD00FAEEAF /* Ostrovsky.otf */; };
		E47EF22C2B97394200C0727B /* Constants.swift in Sources */ = {isa = PBXBuildFile; fileRef = E47EF22B2B97394200C0727B /* Constants.swift */; };
		E47EF22F2B973C0300C0727B /* RoundedTextFieldView.swift in Sources */ = {isa = PBXBuildFile; fileRef = E47EF22E2B973C0300C0727B /* RoundedTextFieldView.swift */; };
		E495B9A72BA058570045595C /* UserManager.swift in Sources */ = {isa = PBXBuildFile; fileRef = E495B9A62BA058570045595C /* UserManager.swift */; };
		E495B9AA2BA05C010045595C /* ProfileViewController.swift in Sources */ = {isa = PBXBuildFile; fileRef = E495B9A92BA05C010045595C /* ProfileViewController.swift */; };
		E49802262BB43B8200630D9F /* EditButton.swift in Sources */ = {isa = PBXBuildFile; fileRef = E49802252BB43B8200630D9F /* EditButton.swift */; };
		E4A8BF702BB2DDE600D8B416 /* UpdatesViewController.swift in Sources */ = {isa = PBXBuildFile; fileRef = E4A8BF6F2BB2DDE600D8B416 /* UpdatesViewController.swift */; };
		E4A8BF722BB2DDFA00D8B416 /* SearchViewController.swift in Sources */ = {isa = PBXBuildFile; fileRef = E4A8BF712BB2DDFA00D8B416 /* SearchViewController.swift */; };
		E4D810EB2BA4505D0042C559 /* ProfileViewModel.swift in Sources */ = {isa = PBXBuildFile; fileRef = E4D810EA2BA4505D0042C559 /* ProfileViewModel.swift */; };
		E4D810ED2BA458080042C559 /* StorageManager.swift in Sources */ = {isa = PBXBuildFile; fileRef = E4D810EC2BA458080042C559 /* StorageManager.swift */; };
		E4EB44152BA62F590080ED9E /* MainTabBarController.swift in Sources */ = {isa = PBXBuildFile; fileRef = E4EB44142BA62F590080ED9E /* MainTabBarController.swift */; };
/* End PBXBuildFile section */

/* Begin PBXFileReference section */
		E432B6A12B98611300CF934E /* LoginViewModel.swift */ = {isa = PBXFileReference; lastKnownFileType = sourcecode.swift; path = LoginViewModel.swift; sourceTree = "<group>"; };
		E45D28A32BB5758300228B33 /* NavigationBarButton.swift */ = {isa = PBXFileReference; lastKnownFileType = sourcecode.swift; path = NavigationBarButton.swift; sourceTree = "<group>"; };
		E45EA9F92BA31B2600EA2901 /* ScreenFactory.swift */ = {isa = PBXFileReference; lastKnownFileType = sourcecode.swift; path = ScreenFactory.swift; sourceTree = "<group>"; };
		E45EA9FB2BA3214A00EA2901 /* PersonTitleView.swift */ = {isa = PBXFileReference; lastKnownFileType = sourcecode.swift; path = PersonTitleView.swift; sourceTree = "<group>"; };
		E45EA9FD2BA32C1000EA2901 /* PrimaryButton.swift */ = {isa = PBXFileReference; lastKnownFileType = sourcecode.swift; path = PrimaryButton.swift; sourceTree = "<group>"; };
		E47233082B95D36D00D27530 /* RubinScoutingApp.app */ = {isa = PBXFileReference; explicitFileType = wrapper.application; includeInIndex = 0; path = RubinScoutingApp.app; sourceTree = BUILT_PRODUCTS_DIR; };
		E472330B2B95D36D00D27530 /* AppDelegate.swift */ = {isa = PBXFileReference; lastKnownFileType = sourcecode.swift; path = AppDelegate.swift; sourceTree = "<group>"; };
		E472330F2B95D36D00D27530 /* LoginViewController.swift */ = {isa = PBXFileReference; lastKnownFileType = sourcecode.swift; path = LoginViewController.swift; sourceTree = "<group>"; };
		E47233152B95D36D00D27530 /* RubinScoutingApp.xcdatamodel */ = {isa = PBXFileReference; lastKnownFileType = wrapper.xcdatamodel; path = RubinScoutingApp.xcdatamodel; sourceTree = "<group>"; };
		E47233172B95D36D00D27530 /* Assets.xcassets */ = {isa = PBXFileReference; lastKnownFileType = folder.assetcatalog; path = Assets.xcassets; sourceTree = "<group>"; };
		E472331C2B95D36D00D27530 /* RubinScoutingApp.entitlements */ = {isa = PBXFileReference; lastKnownFileType = text.plist.entitlements; path = RubinScoutingApp.entitlements; sourceTree = "<group>"; };
		E472331D2B95D36D00D27530 /* Info.plist */ = {isa = PBXFileReference; lastKnownFileType = text.plist.xml; path = Info.plist; sourceTree = "<group>"; };
		E47BFFDC2BA5C1CD00FAEEAF /* COPYRIGHT.txt */ = {isa = PBXFileReference; fileEncoding = 4; lastKnownFileType = text; path = COPYRIGHT.txt; sourceTree = "<group>"; };
		E47BFFDE2BA5C1CD00FAEEAF /* Ostrovsky.otf */ = {isa = PBXFileReference; lastKnownFileType = file; path = Ostrovsky.otf; sourceTree = "<group>"; };
		E47EF22B2B97394200C0727B /* Constants.swift */ = {isa = PBXFileReference; lastKnownFileType = sourcecode.swift; path = Constants.swift; sourceTree = "<group>"; };
		E47EF22E2B973C0300C0727B /* RoundedTextFieldView.swift */ = {isa = PBXFileReference; lastKnownFileType = sourcecode.swift; path = RoundedTextFieldView.swift; sourceTree = "<group>"; };
		E495B9A62BA058570045595C /* UserManager.swift */ = {isa = PBXFileReference; lastKnownFileType = sourcecode.swift; path = UserManager.swift; sourceTree = "<group>"; };
		E495B9A92BA05C010045595C /* ProfileViewController.swift */ = {isa = PBXFileReference; lastKnownFileType = sourcecode.swift; path = ProfileViewController.swift; sourceTree = "<group>"; };
		E49802252BB43B8200630D9F /* EditButton.swift */ = {isa = PBXFileReference; lastKnownFileType = sourcecode.swift; path = EditButton.swift; sourceTree = "<group>"; };
		E4A8BF6F2BB2DDE600D8B416 /* UpdatesViewController.swift */ = {isa = PBXFileReference; lastKnownFileType = sourcecode.swift; path = UpdatesViewController.swift; sourceTree = "<group>"; };
		E4A8BF712BB2DDFA00D8B416 /* SearchViewController.swift */ = {isa = PBXFileReference; lastKnownFileType = sourcecode.swift; path = SearchViewController.swift; sourceTree = "<group>"; };
		E4D810EA2BA4505D0042C559 /* ProfileViewModel.swift */ = {isa = PBXFileReference; lastKnownFileType = sourcecode.swift; path = ProfileViewModel.swift; sourceTree = "<group>"; };
		E4D810EC2BA458080042C559 /* StorageManager.swift */ = {isa = PBXFileReference; lastKnownFileType = sourcecode.swift; path = StorageManager.swift; sourceTree = "<group>"; };
		E4EB44142BA62F590080ED9E /* MainTabBarController.swift */ = {isa = PBXFileReference; lastKnownFileType = sourcecode.swift; path = MainTabBarController.swift; sourceTree = "<group>"; };
/* End PBXFileReference section */

/* Begin PBXFrameworksBuildPhase section */
		E47233052B95D36D00D27530 /* Frameworks */ = {
			isa = PBXFrameworksBuildPhase;
			buildActionMask = 2147483647;
			files = (
			);
			runOnlyForDeploymentPostprocessing = 0;
		};
/* End PBXFrameworksBuildPhase section */

/* Begin PBXGroup section */
		E45EA9F82BA31B0500EA2901 /* Factories */ = {
			isa = PBXGroup;
			children = (
				E45EA9F92BA31B2600EA2901 /* ScreenFactory.swift */,
			);
			path = Factories;
			sourceTree = "<group>";
		};
		E47232FF2B95D36D00D27530 = {
			isa = PBXGroup;
			children = (
				E472330A2B95D36D00D27530 /* RubinScoutingApp */,
				E47233092B95D36D00D27530 /* Products */,
			);
			sourceTree = "<group>";
		};
		E47233092B95D36D00D27530 /* Products */ = {
			isa = PBXGroup;
			children = (
				E47233082B95D36D00D27530 /* RubinScoutingApp.app */,
			);
			name = Products;
			sourceTree = "<group>";
		};
		E472330A2B95D36D00D27530 /* RubinScoutingApp */ = {
			isa = PBXGroup;
			children = (
				E47233422B95D87400D27530 /* Application */,
				E47233432B95D8A300D27530 /* Models */,
				E47EF22D2B973BD800C0727B /* Views */,
				E47233452B95D8D400D27530 /* LoginModule */,
				E495B9A82BA05BA90045595C /* MainModule */,
				E45EA9F82BA31B0500EA2901 /* Factories */,
				E495B9A52BA058400045595C /* Services */,
				E47233462B95D91600D27530 /* Resources */,
			);
			path = RubinScoutingApp;
			sourceTree = "<group>";
		};
		E47233422B95D87400D27530 /* Application */ = {
			isa = PBXGroup;
			children = (
				E472330B2B95D36D00D27530 /* AppDelegate.swift */,
			);
			path = Application;
			sourceTree = "<group>";
		};
		E47233432B95D8A300D27530 /* Models */ = {
			isa = PBXGroup;
			children = (
				E47233142B95D36D00D27530 /* RubinScoutingApp.xcdatamodeld */,
			);
			path = Models;
			sourceTree = "<group>";
		};
		E47233452B95D8D400D27530 /* LoginModule */ = {
			isa = PBXGroup;
			children = (
				E472330F2B95D36D00D27530 /* LoginViewController.swift */,
				E432B6A12B98611300CF934E /* LoginViewModel.swift */,
			);
			path = LoginModule;
			sourceTree = "<group>";
		};
		E47233462B95D91600D27530 /* Resources */ = {
			isa = PBXGroup;
			children = (
				E47EF22B2B97394200C0727B /* Constants.swift */,
				E47BFFCF2BA5BBFE00FAEEAF /* Fonts */,
				E47233172B95D36D00D27530 /* Assets.xcassets */,
				E472331D2B95D36D00D27530 /* Info.plist */,
				E472331C2B95D36D00D27530 /* RubinScoutingApp.entitlements */,
			);
			path = Resources;
			sourceTree = "<group>";
		};
		E47BFFCF2BA5BBFE00FAEEAF /* Fonts */ = {
			isa = PBXGroup;
			children = (
				E47BFFDE2BA5C1CD00FAEEAF /* Ostrovsky.otf */,
				E47BFFDC2BA5C1CD00FAEEAF /* COPYRIGHT.txt */,
			);
			path = Fonts;
			sourceTree = "<group>";
		};
		E47EF22D2B973BD800C0727B /* Views */ = {
			isa = PBXGroup;
			children = (
				E47EF22E2B973C0300C0727B /* RoundedTextFieldView.swift */,
				E45EA9FD2BA32C1000EA2901 /* PrimaryButton.swift */,
				E45EA9FB2BA3214A00EA2901 /* PersonTitleView.swift */,
				E49802252BB43B8200630D9F /* EditButton.swift */,
				E45D28A32BB5758300228B33 /* NavigationBarButton.swift */,
			);
			path = Views;
			sourceTree = "<group>";
		};
		E495B9A52BA058400045595C /* Services */ = {
			isa = PBXGroup;
			children = (
				E495B9A62BA058570045595C /* UserManager.swift */,
				E4D810EC2BA458080042C559 /* StorageManager.swift */,
			);
			path = Services;
			sourceTree = "<group>";
		};
		E495B9A82BA05BA90045595C /* MainModule */ = {
			isa = PBXGroup;
			children = (
				E4EB44142BA62F590080ED9E /* MainTabBarController.swift */,
				E4A8BF6E2BB2DD9D00D8B416 /* RecentsScreen */,
				E4A8BF6D2BB2DD5500D8B416 /* SearchScreen */,
				E4EB44162BA630290080ED9E /* ProfileScreen */,
			);
			path = MainModule;
			sourceTree = "<group>";
		};
		E4A8BF6D2BB2DD5500D8B416 /* SearchScreen */ = {
			isa = PBXGroup;
			children = (
				E4A8BF712BB2DDFA00D8B416 /* SearchViewController.swift */,
			);
			path = SearchScreen;
			sourceTree = "<group>";
		};
		E4A8BF6E2BB2DD9D00D8B416 /* RecentsScreen */ = {
			isa = PBXGroup;
			children = (
				E4A8BF6F2BB2DDE600D8B416 /* UpdatesViewController.swift */,
			);
			path = RecentsScreen;
			sourceTree = "<group>";
		};
		E4EB44162BA630290080ED9E /* ProfileScreen */ = {
			isa = PBXGroup;
			children = (
				E495B9A92BA05C010045595C /* ProfileViewController.swift */,
				E4D810EA2BA4505D0042C559 /* ProfileViewModel.swift */,
			);
			path = ProfileScreen;
			sourceTree = "<group>";
		};
/* End PBXGroup section */

/* Begin PBXNativeTarget section */
		E47233072B95D36D00D27530 /* RubinScoutingApp */ = {
			isa = PBXNativeTarget;
			buildConfigurationList = E47233362B95D36E00D27530 /* Build configuration list for PBXNativeTarget "RubinScoutingApp" */;
			buildPhases = (
				E47233042B95D36D00D27530 /* Sources */,
				E47233052B95D36D00D27530 /* Frameworks */,
				E47233062B95D36D00D27530 /* Resources */,
			);
			buildRules = (
			);
			dependencies = (
			);
			name = RubinScoutingApp;
			productName = RubinScoutingApp;
			productReference = E47233082B95D36D00D27530 /* RubinScoutingApp.app */;
			productType = "com.apple.product-type.application";
		};
/* End PBXNativeTarget section */

/* Begin PBXProject section */
		E47233002B95D36D00D27530 /* Project object */ = {
			isa = PBXProject;
			attributes = {
				BuildIndependentTargetsInParallel = 1;
				LastSwiftUpdateCheck = 1520;
				LastUpgradeCheck = 1520;
				TargetAttributes = {
					E47233072B95D36D00D27530 = {
						CreatedOnToolsVersion = 15.2;
					};
				};
			};
			buildConfigurationList = E47233032B95D36D00D27530 /* Build configuration list for PBXProject "RubinScoutingApp" */;
			compatibilityVersion = "Xcode 14.0";
			developmentRegion = en;
			hasScannedForEncodings = 0;
			knownRegions = (
				en,
				Base,
			);
			mainGroup = E47232FF2B95D36D00D27530;
			productRefGroup = E47233092B95D36D00D27530 /* Products */;
			projectDirPath = "";
			projectRoot = "";
			targets = (
				E47233072B95D36D00D27530 /* RubinScoutingApp */,
			);
		};
/* End PBXProject section */

/* Begin PBXResourcesBuildPhase section */
		E47233062B95D36D00D27530 /* Resources */ = {
			isa = PBXResourcesBuildPhase;
			buildActionMask = 2147483647;
			files = (
				E47BFFE12BA5C1CD00FAEEAF /* Ostrovsky.otf in Resources */,
				E47BFFDF2BA5C1CD00FAEEAF /* COPYRIGHT.txt in Resources */,
				E47233182B95D36D00D27530 /* Assets.xcassets in Resources */,
			);
			runOnlyForDeploymentPostprocessing = 0;
		};
/* End PBXResourcesBuildPhase section */

/* Begin PBXSourcesBuildPhase section */
		E47233042B95D36D00D27530 /* Sources */ = {
			isa = PBXSourcesBuildPhase;
			buildActionMask = 2147483647;
			files = (
				E495B9A72BA058570045595C /* UserManager.swift in Sources */,
				E47EF22C2B97394200C0727B /* Constants.swift in Sources */,
				E47EF22F2B973C0300C0727B /* RoundedTextFieldView.swift in Sources */,
				E47233102B95D36D00D27530 /* LoginViewController.swift in Sources */,
				E472330C2B95D36D00D27530 /* AppDelegate.swift in Sources */,
				E45EA9FE2BA32C1000EA2901 /* PrimaryButton.swift in Sources */,
				E4D810EB2BA4505D0042C559 /* ProfileViewModel.swift in Sources */,
				E45D28A42BB5758300228B33 /* NavigationBarButton.swift in Sources */,
				E47233162B95D36D00D27530 /* RubinScoutingApp.xcdatamodeld in Sources */,
				E45EA9FC2BA3214A00EA2901 /* PersonTitleView.swift in Sources */,
				E432B6A22B98611300CF934E /* LoginViewModel.swift in Sources */,
				E4A8BF722BB2DDFA00D8B416 /* SearchViewController.swift in Sources */,
				E4EB44152BA62F590080ED9E /* MainTabBarController.swift in Sources */,
				E4A8BF702BB2DDE600D8B416 /* UpdatesViewController.swift in Sources */,
				E4D810ED2BA458080042C559 /* StorageManager.swift in Sources */,
				E49802262BB43B8200630D9F /* EditButton.swift in Sources */,
				E45EA9FA2BA31B2600EA2901 /* ScreenFactory.swift in Sources */,
				E495B9AA2BA05C010045595C /* ProfileViewController.swift in Sources */,
			);
			runOnlyForDeploymentPostprocessing = 0;
		};
/* End PBXSourcesBuildPhase section */

/* Begin XCBuildConfiguration section */
		E47233342B95D36E00D27530 /* Debug */ = {
			isa = XCBuildConfiguration;
			buildSettings = {
				ALWAYS_SEARCH_USER_PATHS = NO;
				ASSETCATALOG_COMPILER_GENERATE_SWIFT_ASSET_SYMBOL_EXTENSIONS = YES;
				CLANG_ANALYZER_NONNULL = YES;
				CLANG_ANALYZER_NUMBER_OBJECT_CONVERSION = YES_AGGRESSIVE;
				CLANG_CXX_LANGUAGE_STANDARD = "gnu++20";
				CLANG_ENABLE_MODULES = YES;
				CLANG_ENABLE_OBJC_ARC = YES;
				CLANG_ENABLE_OBJC_WEAK = YES;
				CLANG_WARN_BLOCK_CAPTURE_AUTORELEASING = YES;
				CLANG_WARN_BOOL_CONVERSION = YES;
				CLANG_WARN_COMMA = YES;
				CLANG_WARN_CONSTANT_CONVERSION = YES;
				CLANG_WARN_DEPRECATED_OBJC_IMPLEMENTATIONS = YES;
				CLANG_WARN_DIRECT_OBJC_ISA_USAGE = YES_ERROR;
				CLANG_WARN_DOCUMENTATION_COMMENTS = YES;
				CLANG_WARN_EMPTY_BODY = YES;
				CLANG_WARN_ENUM_CONVERSION = YES;
				CLANG_WARN_INFINITE_RECURSION = YES;
				CLANG_WARN_INT_CONVERSION = YES;
				CLANG_WARN_NON_LITERAL_NULL_CONVERSION = YES;
				CLANG_WARN_OBJC_IMPLICIT_RETAIN_SELF = YES;
				CLANG_WARN_OBJC_LITERAL_CONVERSION = YES;
				CLANG_WARN_OBJC_ROOT_CLASS = YES_ERROR;
				CLANG_WARN_QUOTED_INCLUDE_IN_FRAMEWORK_HEADER = YES;
				CLANG_WARN_RANGE_LOOP_ANALYSIS = YES;
				CLANG_WARN_STRICT_PROTOTYPES = YES;
				CLANG_WARN_SUSPICIOUS_MOVE = YES;
				CLANG_WARN_UNGUARDED_AVAILABILITY = YES_AGGRESSIVE;
				CLANG_WARN_UNREACHABLE_CODE = YES;
				CLANG_WARN__DUPLICATE_METHOD_MATCH = YES;
				COPY_PHASE_STRIP = NO;
				DEBUG_INFORMATION_FORMAT = dwarf;
				ENABLE_STRICT_OBJC_MSGSEND = YES;
				ENABLE_TESTABILITY = YES;
				ENABLE_USER_SCRIPT_SANDBOXING = YES;
				GCC_C_LANGUAGE_STANDARD = gnu17;
				GCC_DYNAMIC_NO_PIC = NO;
				GCC_NO_COMMON_BLOCKS = YES;
				GCC_OPTIMIZATION_LEVEL = 0;
				GCC_PREPROCESSOR_DEFINITIONS = (
					"DEBUG=1",
					"$(inherited)",
				);
				GCC_WARN_64_TO_32_BIT_CONVERSION = YES;
				GCC_WARN_ABOUT_RETURN_TYPE = YES_ERROR;
				GCC_WARN_UNDECLARED_SELECTOR = YES;
				GCC_WARN_UNINITIALIZED_AUTOS = YES_AGGRESSIVE;
				GCC_WARN_UNUSED_FUNCTION = YES;
				GCC_WARN_UNUSED_VARIABLE = YES;
				IPHONEOS_DEPLOYMENT_TARGET = 15.0;
				LOCALIZATION_PREFERS_STRING_CATALOGS = YES;
				MTL_ENABLE_DEBUG_INFO = INCLUDE_SOURCE;
				MTL_FAST_MATH = YES;
				ONLY_ACTIVE_ARCH = YES;
				SDKROOT = iphoneos;
				SWIFT_ACTIVE_COMPILATION_CONDITIONS = "DEBUG $(inherited)";
				SWIFT_OPTIMIZATION_LEVEL = "-Onone";
			};
			name = Debug;
		};
		E47233352B95D36E00D27530 /* Release */ = {
			isa = XCBuildConfiguration;
			buildSettings = {
				ALWAYS_SEARCH_USER_PATHS = NO;
				ASSETCATALOG_COMPILER_GENERATE_SWIFT_ASSET_SYMBOL_EXTENSIONS = YES;
				CLANG_ANALYZER_NONNULL = YES;
				CLANG_ANALYZER_NUMBER_OBJECT_CONVERSION = YES_AGGRESSIVE;
				CLANG_CXX_LANGUAGE_STANDARD = "gnu++20";
				CLANG_ENABLE_MODULES = YES;
				CLANG_ENABLE_OBJC_ARC = YES;
				CLANG_ENABLE_OBJC_WEAK = YES;
				CLANG_WARN_BLOCK_CAPTURE_AUTORELEASING = YES;
				CLANG_WARN_BOOL_CONVERSION = YES;
				CLANG_WARN_COMMA = YES;
				CLANG_WARN_CONSTANT_CONVERSION = YES;
				CLANG_WARN_DEPRECATED_OBJC_IMPLEMENTATIONS = YES;
				CLANG_WARN_DIRECT_OBJC_ISA_USAGE = YES_ERROR;
				CLANG_WARN_DOCUMENTATION_COMMENTS = YES;
				CLANG_WARN_EMPTY_BODY = YES;
				CLANG_WARN_ENUM_CONVERSION = YES;
				CLANG_WARN_INFINITE_RECURSION = YES;
				CLANG_WARN_INT_CONVERSION = YES;
				CLANG_WARN_NON_LITERAL_NULL_CONVERSION = YES;
				CLANG_WARN_OBJC_IMPLICIT_RETAIN_SELF = YES;
				CLANG_WARN_OBJC_LITERAL_CONVERSION = YES;
				CLANG_WARN_OBJC_ROOT_CLASS = YES_ERROR;
				CLANG_WARN_QUOTED_INCLUDE_IN_FRAMEWORK_HEADER = YES;
				CLANG_WARN_RANGE_LOOP_ANALYSIS = YES;
				CLANG_WARN_STRICT_PROTOTYPES = YES;
				CLANG_WARN_SUSPICIOUS_MOVE = YES;
				CLANG_WARN_UNGUARDED_AVAILABILITY = YES_AGGRESSIVE;
				CLANG_WARN_UNREACHABLE_CODE = YES;
				CLANG_WARN__DUPLICATE_METHOD_MATCH = YES;
				COPY_PHASE_STRIP = NO;
				DEBUG_INFORMATION_FORMAT = "dwarf-with-dsym";
				ENABLE_NS_ASSERTIONS = NO;
				ENABLE_STRICT_OBJC_MSGSEND = YES;
				ENABLE_USER_SCRIPT_SANDBOXING = YES;
				GCC_C_LANGUAGE_STANDARD = gnu17;
				GCC_NO_COMMON_BLOCKS = YES;
				GCC_WARN_64_TO_32_BIT_CONVERSION = YES;
				GCC_WARN_ABOUT_RETURN_TYPE = YES_ERROR;
				GCC_WARN_UNDECLARED_SELECTOR = YES;
				GCC_WARN_UNINITIALIZED_AUTOS = YES_AGGRESSIVE;
				GCC_WARN_UNUSED_FUNCTION = YES;
				GCC_WARN_UNUSED_VARIABLE = YES;
				IPHONEOS_DEPLOYMENT_TARGET = 15.0;
				LOCALIZATION_PREFERS_STRING_CATALOGS = YES;
				MTL_ENABLE_DEBUG_INFO = NO;
				MTL_FAST_MATH = YES;
				SDKROOT = iphoneos;
				SWIFT_COMPILATION_MODE = wholemodule;
				VALIDATE_PRODUCT = YES;
			};
			name = Release;
		};
		E47233372B95D36E00D27530 /* Debug */ = {
			isa = XCBuildConfiguration;
			buildSettings = {
				ASSETCATALOG_COMPILER_APPICON_NAME = AppIcon;
				ASSETCATALOG_COMPILER_GLOBAL_ACCENT_COLOR_NAME = AccentColor;
				CODE_SIGN_ENTITLEMENTS = RubinScoutingApp/Resources/RubinScoutingApp.entitlements;
				CODE_SIGN_STYLE = Automatic;
				CURRENT_PROJECT_VERSION = 1;
				DEVELOPMENT_TEAM = X7QDNJU74Z;
				GENERATE_INFOPLIST_FILE = YES;
				INFOPLIST_FILE = RubinScoutingApp/Resources/Info.plist;
				INFOPLIST_KEY_CFBundleDisplayName = "FCRK Scouting";
				INFOPLIST_KEY_LSApplicationCategoryType = "public.app-category.utilities";
				INFOPLIST_KEY_UIApplicationSupportsIndirectInputEvents = YES;
				INFOPLIST_KEY_UIStatusBarStyle = UIStatusBarStyleLightContent;
				INFOPLIST_KEY_UISupportedInterfaceOrientations = UIInterfaceOrientationPortrait;
				INFOPLIST_KEY_UISupportedInterfaceOrientations_iPad = "UIInterfaceOrientationLandscapeLeft UIInterfaceOrientationLandscapeRight UIInterfaceOrientationPortrait UIInterfaceOrientationPortraitUpsideDown";
				IPHONEOS_DEPLOYMENT_TARGET = 15.0;
				LD_RUNPATH_SEARCH_PATHS = (
					"$(inherited)",
					"@executable_path/Frameworks",
				);
				MARKETING_VERSION = 0.1;
				PRODUCT_BUNDLE_IDENTIFIER = RuslanShigapov.RubinScoutingApp;
				PRODUCT_NAME = "$(TARGET_NAME)";
				SUPPORTED_PLATFORMS = "iphoneos iphonesimulator";
				SUPPORTS_MACCATALYST = NO;
				SUPPORTS_MAC_DESIGNED_FOR_IPHONE_IPAD = NO;
				SUPPORTS_XR_DESIGNED_FOR_IPHONE_IPAD = NO;
				SWIFT_EMIT_LOC_STRINGS = YES;
				SWIFT_VERSION = 5.0;
				TARGETED_DEVICE_FAMILY = 1;
			};
			name = Debug;
		};
		E47233382B95D36E00D27530 /* Release */ = {
			isa = XCBuildConfiguration;
			buildSettings = {
				ASSETCATALOG_COMPILER_APPICON_NAME = AppIcon;
				ASSETCATALOG_COMPILER_GLOBAL_ACCENT_COLOR_NAME = AccentColor;
				CODE_SIGN_ENTITLEMENTS = RubinScoutingApp/Resources/RubinScoutingApp.entitlements;
				CODE_SIGN_STYLE = Automatic;
				CURRENT_PROJECT_VERSION = 1;
				DEVELOPMENT_TEAM = X7QDNJU74Z;
				GENERATE_INFOPLIST_FILE = YES;
				INFOPLIST_FILE = RubinScoutingApp/Resources/Info.plist;
				INFOPLIST_KEY_CFBundleDisplayName = "FCRK Scouting";
				INFOPLIST_KEY_LSApplicationCategoryType = "public.app-category.utilities";
				INFOPLIST_KEY_UIApplicationSupportsIndirectInputEvents = YES;
				INFOPLIST_KEY_UIStatusBarStyle = UIStatusBarStyleLightContent;
				INFOPLIST_KEY_UISupportedInterfaceOrientations = UIInterfaceOrientationPortrait;
				INFOPLIST_KEY_UISupportedInterfaceOrientations_iPad = "UIInterfaceOrientationLandscapeLeft UIInterfaceOrientationLandscapeRight UIInterfaceOrientationPortrait UIInterfaceOrientationPortraitUpsideDown";
				IPHONEOS_DEPLOYMENT_TARGET = 15.0;
				LD_RUNPATH_SEARCH_PATHS = (
					"$(inherited)",
					"@executable_path/Frameworks",
				);
				MARKETING_VERSION = 0.1;
				PRODUCT_BUNDLE_IDENTIFIER = RuslanShigapov.RubinScoutingApp;
				PRODUCT_NAME = "$(TARGET_NAME)";
				SUPPORTED_PLATFORMS = "iphoneos iphonesimulator";
				SUPPORTS_MACCATALYST = NO;
				SUPPORTS_MAC_DESIGNED_FOR_IPHONE_IPAD = NO;
				SUPPORTS_XR_DESIGNED_FOR_IPHONE_IPAD = NO;
				SWIFT_EMIT_LOC_STRINGS = YES;
				SWIFT_VERSION = 5.0;
				TARGETED_DEVICE_FAMILY = 1;
			};
			name = Release;
		};
/* End XCBuildConfiguration section */

/* Begin XCConfigurationList section */
		E47233032B95D36D00D27530 /* Build configuration list for PBXProject "RubinScoutingApp" */ = {
			isa = XCConfigurationList;
			buildConfigurations = (
				E47233342B95D36E00D27530 /* Debug */,
				E47233352B95D36E00D27530 /* Release */,
			);
			defaultConfigurationIsVisible = 0;
			defaultConfigurationName = Release;
		};
		E47233362B95D36E00D27530 /* Build configuration list for PBXNativeTarget "RubinScoutingApp" */ = {
			isa = XCConfigurationList;
			buildConfigurations = (
				E47233372B95D36E00D27530 /* Debug */,
				E47233382B95D36E00D27530 /* Release */,
			);
			defaultConfigurationIsVisible = 0;
			defaultConfigurationName = Release;
		};
/* End XCConfigurationList section */

/* Begin XCVersionGroup section */
		E47233142B95D36D00D27530 /* RubinScoutingApp.xcdatamodeld */ = {
			isa = XCVersionGroup;
			children = (
				E47233152B95D36D00D27530 /* RubinScoutingApp.xcdatamodel */,
			);
			currentVersion = E47233152B95D36D00D27530 /* RubinScoutingApp.xcdatamodel */;
			path = RubinScoutingApp.xcdatamodeld;
			sourceTree = "<group>";
			versionGroupType = wrapper.xcdatamodel;
		};
/* End XCVersionGroup section */
	};
	rootObject = E47233002B95D36D00D27530 /* Project object */;
}
